{
  "name": "aesthetic_portfolio",
  "lockfileVersion": 3,
  "requires": true,
  "packages": {
    "": {
      "dependencies": {
        "@bienehito/fluid-dynamics": "^1.1.2",
        "gsap": "^3.15.0",
        "three": "^0.184.0"
      }
    },
    "node_modules/@bienehito/fluid-dynamics": {
      "version": "1.1.2",
      "resolved": "https://registry.npmjs.org/@bienehito/fluid-dynamics/-/fluid-dynamics-1.1.2.tgz",
      "integrity": "sha512-r0Dp75OfKtmR6QEXRZ8nFSbDxdxyYzobfqULfuzbQHVdJqlA2cr1BWiQ3bsz2vSTipSLdIMOiOB/kZnQf/27fw==",
      "license": "MIT"
    },
    "node_modules/gsap": {
      "version": "3.15.0",
      "resolved": "https://registry.npmjs.org/gsap/-/gsap-3.15.0.tgz",
      "integrity": "sha512-dMW4CWBTUK1AEEDeZc1g4xpPGIrSf9fJF960qbTZmN/QwZIWY5wgliS6JWl9/25fpTGJrMRtSjGtOmPnfjZB+A==",
      "license": "Standard 'no charge' license: https://gsap.com/standard-license."
    },
    "node_modules/three": {
      "version": "0.184.0",
      "resolved": "https://registry.npmjs.org/three/-/three-0.184.0.tgz",
      "integrity": "sha512-wtTRjG92pM5eUg/KuUnHsqSAlPM296brTOcLgMRqEeylYTh/CdtvKUvCyyCQTzFuStieWxvZb8mVTMvdPyUpxg==",
      "license": "MIT"
    }
  }
}
